// !$*UTF8*$!
{
	archiveVersion = 1;
	classes = {
	};
	objectVersion = 46;
	objects = {

/* Begin PBXBuildFile section */
		D86D70581E6908EB00E0C406 /* AppDelegate.swift in Sources */ = {isa = PBXBuildFile; fileRef = D86D70571E6908EB00E0C406 /* AppDelegate.swift */; };
		D86D705A1E6908EB00E0C406 /* ViewController.swift in Sources */ = {isa = PBXBuildFile; fileRef = D86D70591E6908EB00E0C406 /* ViewController.swift */; };
		D86D705D1E6908EB00E0C406 /* Main.storyboard in Resources */ = {isa = PBXBuildFile; fileRef = D86D705B1E6908EB00E0C406 /* Main.storyboard */; };
		D86D705F1E6908EB00E0C406 /* Assets.xcassets in Resources */ = {isa = PBXBuildFile; fileRef = D86D705E1E6908EB00E0C406 /* Assets.xcassets */; };
		D86D70621E6908EB00E0C406 /* LaunchScreen.storyboard in Resources */ = {isa = PBXBuildFile; fileRef = D86D70601E6908EB00E0C406 /* LaunchScreen.storyboard */; };
		D86D706A1E6909F400E0C406 /* BlendModeTableViewController.swift in Sources */ = {isa = PBXBuildFile; fileRef = D86D70691E6909F400E0C406 /* BlendModeTableViewController.swift */; };
		D86D706C1E690F6600E0C406 /* ImageBlendMode.swift in Sources */ = {isa = PBXBuildFile; fileRef = D86D706B1E690F6600E0C406 /* ImageBlendMode.swift */; };
		D86D706E1E6911EE00E0C406 /* BlendModeTableViewCell.swift in Sources */ = {isa = PBXBuildFile; fileRef = D86D706D1E6911EE00E0C406 /* BlendModeTableViewCell.swift */; };
/* End PBXBuildFile section */

/* Begin PBXFileReference section */
		D86D70541E6908EB00E0C406 /* BlendModeBrowser.app */ = {isa = PBXFileReference; explicitFileType = wrapper.application; includeInIndex = 0; path = BlendModeBrowser.app; sourceTree = BUILT_PRODUCTS_DIR; };
		D86D70571E6908EB00E0C406 /* AppDelegate.swift */ = {isa = PBXFileReference; lastKnownFileType = sourcecode.swift; path = AppDelegate.swift; sourceTree = "<group>"; };
		D86D70591E6908EB00E0C406 /* ViewController.swift */ = {isa = PBXFileReference; lastKnownFileType = sourcecode.swift; path = ViewController.swift; sourceTree = "<group>"; };
		D86D705C1E6908EB00E0C406 /* Base */ = {isa = PBXFileReference; lastKnownFileType = file.storyboard; name = Base; path = Base.lproj/Main.storyboard; sourceTree = "<group>"; };
		D86D705E1E6908EB00E0C406 /* Assets.xcassets */ = {isa = PBXFileReference; lastKnownFileType = folder.assetcatalog; path = Assets.xcassets; sourceTree = "<group>"; };
		D86D70611E6908EB00E0C406 /* Base */ = {isa = PBXFileReference; lastKnownFileType = file.storyboard; name = Base; path = Base.lproj/LaunchScreen.storyboard; sourceTree = "<group>"; };
		D86D70631E6908EB00E0C406 /* Info.plist */ = {isa = PBXFileReference; lastKnownFileType = text.plist.xml; path = Info.plist; sourceTree = "<group>"; };
		D86D70691E6909F400E0C406 /* BlendModeTableViewController.swift */ = {isa = PBXFileReference; fileEncoding = 4; lastKnownFileType = sourcecode.swift; path = BlendModeTableViewController.swift; sourceTree = "<group>"; };
		D86D706B1E690F6600E0C406 /* ImageBlendMode.swift */ = {isa = PBXFileReference; fileEncoding = 4; lastKnownFileType = sourcecode.swift; path = ImageBlendMode.swift; sourceTree = "<group>"; };
		D86D706D1E6911EE00E0C406 /* BlendModeTableViewCell.swift */ = {isa = PBXFileReference; fileEncoding = 4; lastKnownFileType = sourcecode.swift; path = BlendModeTableViewCell.swift; sourceTree = "<group>"; };
/* End PBXFileReference section */

/* Begin PBXFrameworksBuildPhase section */
		D86D70511E6908EB00E0C406 /* Frameworks */ = {
			isa = PBXFrameworksBuildPhase;
			buildActionMask = 2147483647;
			files = (
			);
			runOnlyForDeploymentPostprocessing = 0;
		};
/* End PBXFrameworksBuildPhase section */

/* Begin PBXGroup section */
		D86D704B1E6908EB00E0C406 = {
			isa = PBXGroup;
			children = (
				D86D70561E6908EB00E0C406 /* BlendModeBrowser */,
				D86D70551E6908EB00E0C406 /* Products */,
			);
			sourceTree = "<group>";
		};
		D86D70551E6908EB00E0C406 /* Products */ = {
			isa = PBXGroup;
			children = (
				D86D70541E6908EB00E0C406 /* BlendModeBrowser.app */,
			);
			name = Products;
			sourceTree = "<group>";
		};
		D86D70561E6908EB00E0C406 /* BlendModeBrowser */ = {
			isa = PBXGroup;
			children = (
				D86D706B1E690F6600E0C406 /* ImageBlendMode.swift */,
				D86D70591E6908EB00E0C406 /* ViewController.swift */,
				D86D70691E6909F400E0C406 /* BlendModeTableViewController.swift */,
				D86D706D1E6911EE00E0C406 /* BlendModeTableViewCell.swift */,
				D86D70571E6908EB00E0C406 /* AppDelegate.swift */,
				D86D705B1E6908EB00E0C406 /* Main.storyboard */,
				D86D705E1E6908EB00E0C406 /* Assets.xcassets */,
				D86D70601E6908EB00E0C406 /* LaunchScreen.storyboard */,
				D86D70631E6908EB00E0C406 /* Info.plist */,
			);
			path = BlendModeBrowser;
			sourceTree = "<group>";
		};
/* End PBXGroup section */

/* Begin PBXNativeTarget section */
		D86D70531E6908EB00E0C406 /* BlendModeBrowser */ = {
			isa = PBXNativeTarget;
			buildConfigurationList = D86D70661E6908EB00E0C406 /* Build configuration list for PBXNativeTarget "BlendModeBrowser" */;
			buildPhases = (
				D86D70501E6908EB00E0C406 /* Sources */,
				D86D70511E6908EB00E0C406 /* Frameworks */,
				D86D70521E6908EB00E0C406 /* Resources */,
			);
			buildRules = (
			);
			dependencies = (
			);
			name = BlendModeBrowser;
			productName = BlendModeBrowser;
			productReference = D86D70541E6908EB00E0C406 /* BlendModeBrowser.app */;
			productType = "com.apple.product-type.application";
		};
/* End PBXNativeTarget section */

/* Begin PBXProject section */
		D86D704C1E6908EB00E0C406 /* Project object */ = {
			isa = PBXProject;
			attributes = {
				LastSwiftUpdateCheck = 0820;
				LastUpgradeCheck = 0820;
				ORGANIZATIONNAME = Madimo;
				TargetAttributes = {
					D86D70531E6908EB00E0C406 = {
						CreatedOnToolsVersion = 8.2.1;
						ProvisioningStyle = Automatic;
					};
				};
			};
			buildConfigurationList = D86D704F1E6908EB00E0C406 /* Build configuration list for PBXProject "BlendModeBrowser" */;
			compatibilityVersion = "Xcode 3.2";
			developmentRegion = English;
			hasScannedForEncodings = 0;
			knownRegions = (
				en,
				Base,
			);
			mainGroup = D86D704B1E6908EB00E0C406;
			productRefGroup = D86D70551E6908EB00E0C406 /* Products */;
			projectDirPath = "";
			projectRoot = "";
			targets = (
				D86D70531E6908EB00E0C406 /* BlendModeBrowser */,
			);
		};
/* End PBXProject section */

/* Begin PBXResourcesBuildPhase section */
		D86D70521E6908EB00E0C406 /* Resources */ = {
			isa = PBXResourcesBuildPhase;
			buildActionMask = 2147483647;
			files = (
				D86D70621E6908EB00E0C406 /* LaunchScreen.storyboard in Resources */,
				D86D705F1E6908EB00E0C406 /* Assets.xcassets in Resources */,
				D86D705D1E6908EB00E0C406 /* Main.storyboard in Resources */,
			);
			runOnlyForDeploymentPostprocessing = 0;
		};
/* End PBXResourcesBuildPhase section */

/* Begin PBXSourcesBuildPhase section */
		D86D70501E6908EB00E0C406 /* Sources */ = {
			isa = PBXSourcesBuildPhase;
			buildActionMask = 2147483647;
			files = (
				D86D706C1E690F6600E0C406 /* ImageBlendMode.swift in Sources */,
				D86D705A1E6908EB00E0C406 /* ViewController.swift in Sources */,
				D86D70581E6908EB00E0C406 /* AppDelegate.swift in Sources */,
				D86D706E1E6911EE00E0C406 /* BlendModeTableViewCell.swift in Sources */,
				D86D706A1E6909F400E0C406 /* BlendModeTableViewController.swift in Sources */,
			);
			runOnlyForDeploymentPostprocessing = 0;
		};
/* End PBXSourcesBuildPhase section */

/* Begin PBXVariantGroup section */
		D86D705B1E6908EB00E0C406 /* Main.storyboard */ = {
			isa = PBXVariantGroup;
			children = (
				D86D705C1E6908EB00E0C406 /* Base */,
			);
			name = Main.storyboard;
			sourceTree = "<group>";
		};
		D86D70601E6908EB00E0C406 /* LaunchScreen.storyboard */ = {
			isa = PBXVariantGroup;
			children = (
				D86D70611E6908EB00E0C406 /* Base */,
			);
			name = LaunchScreen.storyboard;
			sourceTree = "<group>";
		};
/* End PBXVariantGroup section */

/* Begin XCBuildConfiguration section */
		D86D70641E6908EB00E0C406 /* Debug */ = {
			isa = XCBuildConfiguration;
			buildSettings = {
				ALWAYS_SEARCH_USER_PATHS = NO;
				CLANG_ANALYZER_NONNULL = YES;
				CLANG_CXX_LANGUAGE_STANDARD = "gnu++0x";
				CLANG_CXX_LIBRARY = "libc++";
				CLANG_ENABLE_MODULES = YES;
				CLANG_ENABLE_OBJC_ARC = YES;
				CLANG_WARN_BOOL_CONVERSION = YES;
				CLANG_WARN_CONSTANT_CONVERSION = YES;
				CLANG_WARN_DIRECT_OBJC_ISA_USAGE = YES_ERROR;
				CLANG_WARN_DOCUMENTATION_COMMENTS = YES;
				CLANG_WARN_EMPTY_BODY = YES;
				CLANG_WARN_ENUM_CONVERSION = YES;
				CLANG_WARN_INFINITE_RECURSION = YES;
				CLANG_WARN_INT_CONVERSION = YES;
				CLANG_WARN_OBJC_ROOT_CLASS = YES_ERROR;
				CLANG_WARN_SUSPICIOUS_MOVE = YES;
				CLANG_WARN_UNREACHABLE_CODE = YES;
				CLANG_WARN__DUPLICATE_METHOD_MATCH = YES;
				"CODE_SIGN_IDENTITY[sdk=iphoneos*]" = "iPhone Developer";
				COPY_PHASE_STRIP = NO;
				DEBUG_INFORMATION_FORMAT = dwarf;
				ENABLE_STRICT_OBJC_MSGSEND = YES;
				ENABLE_TESTABILITY = YES;
				GCC_C_LANGUAGE_STANDARD = gnu99;
				GCC_DYNAMIC_NO_PIC = NO;
				GCC_NO_COMMON_BLOCKS = YES;
				GCC_OPTIMIZATION_LEVEL = 0;
				GCC_PREPROCESSOR_DEFINITIONS = (
					"DEBUG=1",
					"$(inherited)",
				);
				GCC_WARN_64_TO_32_BIT_CONVERSION = YES;
				GCC_WARN_ABOUT_RETURN_TYPE = YES_ERROR;
				GCC_WARN_UNDECLARED_SELECTOR = YES;
				GCC_WARN_UNINITIALIZED_AUTOS = YES_AGGRESSIVE;
				GCC_WARN_UNUSED_FUNCTION = YES;
				GCC_WARN_UNUSED_VARIABLE = YES;
				IPHONEOS_DEPLOYMENT_TARGET = 10.2;
				MTL_ENABLE_DEBUG_INFO = YES;
				ONLY_ACTIVE_ARCH = YES;
				SDKROOT = iphoneos;
				SWIFT_ACTIVE_COMPILATION_CONDITIONS = DEBUG;
				SWIFT_OPTIMIZATION_LEVEL = "-Onone";
				TARGETED_DEVICE_FAMILY = "1,2";
			};
			name = Debug;
		};
		D86D70651E6908EB00E0C406 /* Release */ = {
			isa = XCBuildConfiguration;
			buildSettings = {
				ALWAYS_SEARCH_USER_PATHS = NO;
				CLANG_ANALYZER_NONNULL = YES;
				CLANG_CXX_LANGUAGE_STANDARD = "gnu++0x";
				CLANG_CXX_LIBRARY = "libc++";
				CLANG_ENABLE_MODULES = YES;
				CLANG_ENABLE_OBJC_ARC = YES;
				CLANG_WARN_BOOL_CONVERSION = YES;
				CLANG_WARN_CONSTANT_CONVERSION = YES;
				CLANG_WARN_DIRECT_OBJC_ISA_USAGE = YES_ERROR;
				CLANG_WARN_DOCUMENTATION_COMMENTS = YES;
				CLANG_WARN_EMPTY_BODY = YES;
				CLANG_WARN_ENUM_CONVERSION = YES;
				CLANG_WARN_INFINITE_RECURSION = YES;
				CLANG_WARN_INT_CONVERSION = YES;
				CLANG_WARN_OBJC_ROOT_CLASS = YES_ERROR;
				CLANG_WARN_SUSPICIOUS_MOVE = YES;
				CLANG_WARN_UNREACHABLE_CODE = YES;
				CLANG_WARN__DUPLICATE_METHOD_MATCH = YES;
				"CODE_SIGN_IDENTITY[sdk=iphoneos*]" = "iPhone Developer";
				COPY_PHASE_STRIP = NO;
				DEBUG_INFORMATION_FORMAT = "dwarf-with-dsym";
				ENABLE_NS_ASSERTIONS = NO;
				ENABLE_STRICT_OBJC_MSGSEND = YES;
				GCC_C_LANGUAGE_STANDARD = gnu99;
				GCC_NO_COMMON_BLOCKS = YES;
				GCC_WARN_64_TO_32_BIT_CONVERSION = YES;
				GCC_WARN_ABOUT_RETURN_TYPE = YES_ERROR;
				GCC_WARN_UNDECLARED_SELECTOR = YES;
				GCC_WARN_UNINITIALIZED_AUTOS = YES_AGGRESSIVE;
				GCC_WARN_UNUSED_FUNCTION = YES;
				GCC_WARN_UNUSED_VARIABLE = YES;
				IPHONEOS_DEPLOYMENT_TARGET = 10.2;
				MTL_ENABLE_DEBUG_INFO = NO;
				SDKROOT = iphoneos;
				SWIFT_OPTIMIZATION_LEVEL = "-Owholemodule";
				TARGETED_DEVICE_FAMILY = "1,2";
				VALIDATE_PRODUCT = YES;
			};
			name = Release;
		};
		D86D70671E6908EB00E0C406 /* Debug */ = {
			isa = XCBuildConfiguration;
			buildSettings = {
				ASSETCATALOG_COMPILER_APPICON_NAME = AppIcon;
				INFOPLIST_FILE = BlendModeBrowser/Info.plist;
				LD_RUNPATH_SEARCH_PATHS = "$(inherited) @executable_path/Frameworks";
				PRODUCT_BUNDLE_IDENTIFIER = com.Madimo.BlendModeBrowser;
				PRODUCT_NAME = "$(TARGET_NAME)";
				SWIFT_VERSION = 3.0;
			};
			name = Debug;
		};
		D86D70681E6908EB00E0C406 /* Release */ = {
			isa = XCBuildConfiguration;
			buildSettings = {
				ASSETCATALOG_COMPILER_APPICON_NAME = AppIcon;
				INFOPLIST_FILE = BlendModeBrowser/Info.plist;
				LD_RUNPATH_SEARCH_PATHS = "$(inherited) @executable_path/Frameworks";
				PRODUCT_BUNDLE_IDENTIFIER = com.Madimo.BlendModeBrowser;
				PRODUCT_NAME = "$(TARGET_NAME)";
				SWIFT_VERSION = 3.0;
			};
			name = Release;
		};
/* End XCBuildConfiguration section */

/* Begin XCConfigurationList section */
		D86D704F1E6908EB00E0C406 /* Build configuration list for PBXProject "BlendModeBrowser" */ = {
			isa = XCConfigurationList;
			buildConfigurations = (
				D86D70641E6908EB00E0C406 /* Debug */,
				D86D70651E6908EB00E0C406 /* Release */,
			);
			defaultConfigurationIsVisible = 0;
			defaultConfigurationName = Release;
		};
		D86D70661E6908EB00E0C406 /* Build configuration list for PBXNativeTarget "BlendModeBrowser" */ = {
			isa = XCConfigurationList;
			buildConfigurations = (
				D86D70671E6908EB00E0C406 /* Debug */,
				D86D70681E6908EB00E0C406 /* Release */,
			);
			defaultConfigurationIsVisible = 0;
		};
/* End XCConfigurationList section */
	};
	rootObject = D86D704C1E6908EB00E0C406 /* Project object */;
}
